
Microsoft Visual Studio Solution File, Format Version 12.00
# Visual Studio Version 16
VisualStudioVersion = 16.0.30611.23
MinimumVisualStudioVersion = 10.0.40219.1
Project("{FAE04EC0-301F-11D3-BF4B-00C04F79EFBC}") = "MPVNetGui", "MPVNetGUI\MPVNetGui.csproj", "{2BEE5ED9-26C3-4C9B-8887-4DA62B3088E6}"
EndProject
Global
	GlobalSection(SolutionConfigurationPlatforms) = preSolution
		Debug|Any CPU = Debug|Any CPU
		Release|Any CPU = Release|Any CPU
	EndGlobalSection
	GlobalSection(ProjectConfigurationPlatforms) = postSolution
		{2BEE5ED9-26C3-4C9B-8887-4DA62B3088E6}.Debug|Any CPU.ActiveCfg = Debug|Any CPU
		{2BEE5ED9-26C3-4C9B-8887-4DA62B3088E6}.Debug|Any CPU.Build.0 = Debug|Any CPU
		{2BEE5ED9-26C3-4C9B-8887-4DA62B3088E6}.Release|Any CPU.ActiveCfg = Release|Any CPU
		{2BEE5ED9-26C3-4C9B-8887-4DA62B3088E6}.Release|Any CPU.Build.0 = Release|Any CPU
	EndGlobalSection
	GlobalSection(SolutionProperties) = preSolution
		HideSolutionNode = FALSE
	EndGlobalSection
	GlobalSection(ExtensibilityGlobals) = postSolution
		SolutionGuid = {0E214E7E-B303-4313-A4E6-14C3DA652A4E}
	EndGlobalSection
EndGlobal
